
Microsoft Visual Studio Solution File, Format Version 12.00
# Visual Studio Version 16
VisualStudioVersion = 16.0.30204.135
MinimumVisualStudioVersion = 10.0.40219.1
Project("{FAE04EC0-301F-11D3-BF4B-00C04F79EFBC}") = "Task_7_1_2", "Task_7_1_2\Task_7_1_2.csproj", "{295703E2-501C-4679-A111-5B75FED71E68}"
EndProject
Project("{2150E333-8FDC-42A3-9474-1A3956D46DE8}") = "PL", "PL", "{FC5F686A-47A6-41C9-A3D6-C686C5787A1B}"
EndProject
Project("{2150E333-8FDC-42A3-9474-1A3956D46DE8}") = "BLL", "BLL", "{98FC504E-2C08-4C09-994D-A9A4DC2B4992}"
EndProject
Project("{2150E333-8FDC-42A3-9474-1A3956D46DE8}") = "DAL", "DAL", "{DD6EE3C2-52EF-43E8-AD51-E93A670C30A4}"
EndProject
Project("{2150E333-8FDC-42A3-9474-1A3956D46DE8}") = "Common", "Common", "{10A43B76-9135-47BE-8BBC-50C151D92A75}"
EndProject
Project("{FAE04EC0-301F-11D3-BF4B-00C04F79EFBC}") = "Entities", "Entities\Entities.csproj", "{57FBBCDD-E2B1-43B3-9D85-C7424CB3F60A}"
EndProject
Project("{FAE04EC0-301F-11D3-BF4B-00C04F79EFBC}") = "DAL.Contracts", "DAL.Contracts\DAL.Contracts.csproj", "{5E4C149F-91D3-462C-801B-AF2FB65D3344}"
EndProject
Project("{FAE04EC0-301F-11D3-BF4B-00C04F79EFBC}") = "DAL.Memory", "AwardedUsersRepository\DAL.Memory.csproj", "{1A45E5DE-A643-4959-BAB7-389B44ECD19C}"
EndProject
Project("{FAE04EC0-301F-11D3-BF4B-00C04F79EFBC}") = "BLL.Contracts", "BLL.Contracts\BLL.Contracts.csproj", "{60974F3B-4304-42D7-9D3A-B3082C8CFF2A}"
EndProject
Project("{FAE04EC0-301F-11D3-BF4B-00C04F79EFBC}") = "AwardedUsersLogic", "AwardedUsersLogic\AwardedUsersLogic.csproj", "{E6C0520D-6BEE-49CB-949D-751491E4D432}"
EndProject
Global
	GlobalSection(SolutionConfigurationPlatforms) = preSolution
		Debug|Any CPU = Debug|Any CPU
		Release|Any CPU = Release|Any CPU
	EndGlobalSection
	GlobalSection(ProjectConfigurationPlatforms) = postSolution
		{295703E2-501C-4679-A111-5B75FED71E68}.Debug|Any CPU.ActiveCfg = Debug|Any CPU
		{295703E2-501C-4679-A111-5B75FED71E68}.Debug|Any CPU.Build.0 = Debug|Any CPU
		{295703E2-501C-4679-A111-5B75FED71E68}.Release|Any CPU.ActiveCfg = Release|Any CPU
		{295703E2-501C-4679-A111-5B75FED71E68}.Release|Any CPU.Build.0 = Release|Any CPU
		{57FBBCDD-E2B1-43B3-9D85-C7424CB3F60A}.Debug|Any CPU.ActiveCfg = Debug|Any CPU
		{57FBBCDD-E2B1-43B3-9D85-C7424CB3F60A}.Debug|Any CPU.Build.0 = Debug|Any CPU
		{57FBBCDD-E2B1-43B3-9D85-C7424CB3F60A}.Release|Any CPU.ActiveCfg = Release|Any CPU
		{57FBBCDD-E2B1-43B3-9D85-C7424CB3F60A}.Release|Any CPU.Build.0 = Release|Any CPU
		{5E4C149F-91D3-462C-801B-AF2FB65D3344}.Debug|Any CPU.ActiveCfg = Debug|Any CPU
		{5E4C149F-91D3-462C-801B-AF2FB65D3344}.Debug|Any CPU.Build.0 = Debug|Any CPU
		{5E4C149F-91D3-462C-801B-AF2FB65D3344}.Release|Any CPU.ActiveCfg = Release|Any CPU
		{5E4C149F-91D3-462C-801B-AF2FB65D3344}.Release|Any CPU.Build.0 = Release|Any CPU
		{1A45E5DE-A643-4959-BAB7-389B44ECD19C}.Debug|Any CPU.ActiveCfg = Debug|Any CPU
		{1A45E5DE-A643-4959-BAB7-389B44ECD19C}.Debug|Any CPU.Build.0 = Debug|Any CPU
		{1A45E5DE-A643-4959-BAB7-389B44ECD19C}.Release|Any CPU.ActiveCfg = Release|Any CPU
		{1A45E5DE-A643-4959-BAB7-389B44ECD19C}.Release|Any CPU.Build.0 = Release|Any CPU
		{60974F3B-4304-42D7-9D3A-B3082C8CFF2A}.Debug|Any CPU.ActiveCfg = Debug|Any CPU
		{60974F3B-4304-42D7-9D3A-B3082C8CFF2A}.Debug|Any CPU.Build.0 = Debug|Any CPU
		{60974F3B-4304-42D7-9D3A-B3082C8CFF2A}.Release|Any CPU.ActiveCfg = Release|Any CPU
		{60974F3B-4304-42D7-9D3A-B3082C8CFF2A}.Release|Any CPU.Build.0 = Release|Any CPU
		{E6C0520D-6BEE-49CB-949D-751491E4D432}.Debug|Any CPU.ActiveCfg = Debug|Any CPU
		{E6C0520D-6BEE-49CB-949D-751491E4D432}.Debug|Any CPU.Build.0 = Debug|Any CPU
		{E6C0520D-6BEE-49CB-949D-751491E4D432}.Release|Any CPU.ActiveCfg = Release|Any CPU
		{E6C0520D-6BEE-49CB-949D-751491E4D432}.Release|Any CPU.Build.0 = Release|Any CPU
	EndGlobalSection
	GlobalSection(SolutionProperties) = preSolution
		HideSolutionNode = FALSE
	EndGlobalSection
	GlobalSection(NestedProjects) = preSolution
		{295703E2-501C-4679-A111-5B75FED71E68} = {FC5F686A-47A6-41C9-A3D6-C686C5787A1B}
		{57FBBCDD-E2B1-43B3-9D85-C7424CB3F60A} = {10A43B76-9135-47BE-8BBC-50C151D92A75}
		{5E4C149F-91D3-462C-801B-AF2FB65D3344} = {DD6EE3C2-52EF-43E8-AD51-E93A670C30A4}
		{1A45E5DE-A643-4959-BAB7-389B44ECD19C} = {DD6EE3C2-52EF-43E8-AD51-E93A670C30A4}
		{60974F3B-4304-42D7-9D3A-B3082C8CFF2A} = {98FC504E-2C08-4C09-994D-A9A4DC2B4992}
		{E6C0520D-6BEE-49CB-949D-751491E4D432} = {98FC504E-2C08-4C09-994D-A9A4DC2B4992}
	EndGlobalSection
	GlobalSection(ExtensibilityGlobals) = postSolution
		SolutionGuid = {D2689C37-2703-4EFA-991D-4668020FD519}
	EndGlobalSection
EndGlobal
