
Microsoft Visual Studio Solution File, Format Version 12.00
# Visual Studio Version 16
VisualStudioVersion = 16.0.30204.135
MinimumVisualStudioVersion = 10.0.40219.1
Project("{FAE04EC0-301F-11D3-BF4B-00C04F79EFBC}") = "PL.Web", "PL.Web\PL.Web.csproj", "{86A35AFF-70B9-43CB-8DB9-47DCD0402593}"
EndProject
Project("{2150E333-8FDC-42A3-9474-1A3956D46DE8}") = "PL", "PL", "{58B61D6E-FF17-4652-AC4A-67CC20E2C8D8}"
EndProject
Project("{2150E333-8FDC-42A3-9474-1A3956D46DE8}") = "DAL", "DAL", "{A5733501-EAF7-4AFE-8DD1-337A59665641}"
EndProject
Project("{2150E333-8FDC-42A3-9474-1A3956D46DE8}") = "BLL", "BLL", "{E8F9E58A-B257-43F5-83A1-781F49C004D1}"
EndProject
Project("{2150E333-8FDC-42A3-9474-1A3956D46DE8}") = "Common", "Common", "{037F34D5-B41B-4677-83FD-BD3750EB8362}"
EndProject
Project("{FAE04EC0-301F-11D3-BF4B-00C04F79EFBC}") = "DAL.Contracts", "DAL.Contracts\DAL.Contracts.csproj", "{72D151BD-CC96-428E-9917-A72F52A1E60A}"
EndProject
Project("{FAE04EC0-301F-11D3-BF4B-00C04F79EFBC}") = "DAL.Memory", "DAL.Memory\DAL.Memory.csproj", "{6E03CFA1-5FC8-4CD0-9B85-B544BEBD5467}"
EndProject
Project("{FAE04EC0-301F-11D3-BF4B-00C04F79EFBC}") = "BLL.Contracts", "BLL.Contracts\BLL.Contracts.csproj", "{C44601D9-1E51-47E1-8ADA-B4B65CB74AF1}"
EndProject
Project("{FAE04EC0-301F-11D3-BF4B-00C04F79EFBC}") = "BLL.Logic", "BLL.Logic\BLL.Logic.csproj", "{EB40A879-14F1-466D-9A8A-B0A7F1FE7975}"
EndProject
Project("{FAE04EC0-301F-11D3-BF4B-00C04F79EFBC}") = "Common.Entities", "Common.Entities\Common.Entities.csproj", "{D363E8F9-B8F8-4599-878F-B082AD770068}"
EndProject
Project("{FAE04EC0-301F-11D3-BF4B-00C04F79EFBC}") = "Common.BL.DR", "Common.BL.DR\Common.BL.DR.csproj", "{A40CE1A7-6B46-44D0-B92C-29CDD824D999}"
EndProject
Project("{FAE04EC0-301F-11D3-BF4B-00C04F79EFBC}") = "Common.DAL.DR", "Common.DAL.DR\Common.DAL.DR.csproj", "{EDEBC602-CFDC-4979-BC05-A4D122CCBE6F}"
EndProject
Project("{FAE04EC0-301F-11D3-BF4B-00C04F79EFBC}") = "PL.Contracts", "PL.Contracts\PL.Contracts.csproj", "{F999C876-8464-444D-A975-FEA9F7A37184}"
EndProject
Global
	GlobalSection(SolutionConfigurationPlatforms) = preSolution
		Debug|Any CPU = Debug|Any CPU
		Release|Any CPU = Release|Any CPU
	EndGlobalSection
	GlobalSection(ProjectConfigurationPlatforms) = postSolution
		{86A35AFF-70B9-43CB-8DB9-47DCD0402593}.Debug|Any CPU.ActiveCfg = Debug|Any CPU
		{86A35AFF-70B9-43CB-8DB9-47DCD0402593}.Debug|Any CPU.Build.0 = Debug|Any CPU
		{86A35AFF-70B9-43CB-8DB9-47DCD0402593}.Release|Any CPU.ActiveCfg = Release|Any CPU
		{86A35AFF-70B9-43CB-8DB9-47DCD0402593}.Release|Any CPU.Build.0 = Release|Any CPU
		{72D151BD-CC96-428E-9917-A72F52A1E60A}.Debug|Any CPU.ActiveCfg = Debug|Any CPU
		{72D151BD-CC96-428E-9917-A72F52A1E60A}.Debug|Any CPU.Build.0 = Debug|Any CPU
		{72D151BD-CC96-428E-9917-A72F52A1E60A}.Release|Any CPU.ActiveCfg = Release|Any CPU
		{72D151BD-CC96-428E-9917-A72F52A1E60A}.Release|Any CPU.Build.0 = Release|Any CPU
		{6E03CFA1-5FC8-4CD0-9B85-B544BEBD5467}.Debug|Any CPU.ActiveCfg = Debug|Any CPU
		{6E03CFA1-5FC8-4CD0-9B85-B544BEBD5467}.Debug|Any CPU.Build.0 = Debug|Any CPU
		{6E03CFA1-5FC8-4CD0-9B85-B544BEBD5467}.Release|Any CPU.ActiveCfg = Release|Any CPU
		{6E03CFA1-5FC8-4CD0-9B85-B544BEBD5467}.Release|Any CPU.Build.0 = Release|Any CPU
		{C44601D9-1E51-47E1-8ADA-B4B65CB74AF1}.Debug|Any CPU.ActiveCfg = Debug|Any CPU
		{C44601D9-1E51-47E1-8ADA-B4B65CB74AF1}.Debug|Any CPU.Build.0 = Debug|Any CPU
		{C44601D9-1E51-47E1-8ADA-B4B65CB74AF1}.Release|Any CPU.ActiveCfg = Release|Any CPU
		{C44601D9-1E51-47E1-8ADA-B4B65CB74AF1}.Release|Any CPU.Build.0 = Release|Any CPU
		{EB40A879-14F1-466D-9A8A-B0A7F1FE7975}.Debug|Any CPU.ActiveCfg = Debug|Any CPU
		{EB40A879-14F1-466D-9A8A-B0A7F1FE7975}.Debug|Any CPU.Build.0 = Debug|Any CPU
		{EB40A879-14F1-466D-9A8A-B0A7F1FE7975}.Release|Any CPU.ActiveCfg = Release|Any CPU
		{EB40A879-14F1-466D-9A8A-B0A7F1FE7975}.Release|Any CPU.Build.0 = Release|Any CPU
		{D363E8F9-B8F8-4599-878F-B082AD770068}.Debug|Any CPU.ActiveCfg = Debug|Any CPU
		{D363E8F9-B8F8-4599-878F-B082AD770068}.Debug|Any CPU.Build.0 = Debug|Any CPU
		{D363E8F9-B8F8-4599-878F-B082AD770068}.Release|Any CPU.ActiveCfg = Release|Any CPU
		{D363E8F9-B8F8-4599-878F-B082AD770068}.Release|Any CPU.Build.0 = Release|Any CPU
		{A40CE1A7-6B46-44D0-B92C-29CDD824D999}.Debug|Any CPU.ActiveCfg = Debug|Any CPU
		{A40CE1A7-6B46-44D0-B92C-29CDD824D999}.Debug|Any CPU.Build.0 = Debug|Any CPU
		{A40CE1A7-6B46-44D0-B92C-29CDD824D999}.Release|Any CPU.ActiveCfg = Release|Any CPU
		{A40CE1A7-6B46-44D0-B92C-29CDD824D999}.Release|Any CPU.Build.0 = Release|Any CPU
		{EDEBC602-CFDC-4979-BC05-A4D122CCBE6F}.Debug|Any CPU.ActiveCfg = Debug|Any CPU
		{EDEBC602-CFDC-4979-BC05-A4D122CCBE6F}.Debug|Any CPU.Build.0 = Debug|Any CPU
		{EDEBC602-CFDC-4979-BC05-A4D122CCBE6F}.Release|Any CPU.ActiveCfg = Release|Any CPU
		{EDEBC602-CFDC-4979-BC05-A4D122CCBE6F}.Release|Any CPU.Build.0 = Release|Any CPU
		{F999C876-8464-444D-A975-FEA9F7A37184}.Debug|Any CPU.ActiveCfg = Debug|Any CPU
		{F999C876-8464-444D-A975-FEA9F7A37184}.Debug|Any CPU.Build.0 = Debug|Any CPU
		{F999C876-8464-444D-A975-FEA9F7A37184}.Release|Any CPU.ActiveCfg = Release|Any CPU
		{F999C876-8464-444D-A975-FEA9F7A37184}.Release|Any CPU.Build.0 = Release|Any CPU
	EndGlobalSection
	GlobalSection(SolutionProperties) = preSolution
		HideSolutionNode = FALSE
	EndGlobalSection
	GlobalSection(NestedProjects) = preSolution
		{86A35AFF-70B9-43CB-8DB9-47DCD0402593} = {58B61D6E-FF17-4652-AC4A-67CC20E2C8D8}
		{72D151BD-CC96-428E-9917-A72F52A1E60A} = {A5733501-EAF7-4AFE-8DD1-337A59665641}
		{6E03CFA1-5FC8-4CD0-9B85-B544BEBD5467} = {A5733501-EAF7-4AFE-8DD1-337A59665641}
		{C44601D9-1E51-47E1-8ADA-B4B65CB74AF1} = {E8F9E58A-B257-43F5-83A1-781F49C004D1}
		{EB40A879-14F1-466D-9A8A-B0A7F1FE7975} = {E8F9E58A-B257-43F5-83A1-781F49C004D1}
		{D363E8F9-B8F8-4599-878F-B082AD770068} = {037F34D5-B41B-4677-83FD-BD3750EB8362}
		{A40CE1A7-6B46-44D0-B92C-29CDD824D999} = {037F34D5-B41B-4677-83FD-BD3750EB8362}
		{EDEBC602-CFDC-4979-BC05-A4D122CCBE6F} = {037F34D5-B41B-4677-83FD-BD3750EB8362}
		{F999C876-8464-444D-A975-FEA9F7A37184} = {58B61D6E-FF17-4652-AC4A-67CC20E2C8D8}
	EndGlobalSection
	GlobalSection(ExtensibilityGlobals) = postSolution
		SolutionGuid = {B0AA4D5C-471C-4C00-9666-9DE32EA56027}
	EndGlobalSection
EndGlobal
