
Microsoft Visual Studio Solution File, Format Version 12.00
# Visual Studio Version 16
VisualStudioVersion = 16.0.30204.135
MinimumVisualStudioVersion = 10.0.40219.1
Project("{FAE04EC0-301F-11D3-BF4B-00C04F79EFBC}") = "PL.Web", "PL.Web\PL.Web.csproj", "{BAB9D99F-61B6-4F82-912C-B5B79DDC425A}"
EndProject
Project("{2150E333-8FDC-42A3-9474-1A3956D46DE8}") = "PL", "PL", "{74766313-5E5F-4B05-9922-48988DDDC464}"
EndProject
Project("{2150E333-8FDC-42A3-9474-1A3956D46DE8}") = "BLL", "BLL", "{8120DB10-025C-4F54-B126-178668621A0E}"
EndProject
Project("{2150E333-8FDC-42A3-9474-1A3956D46DE8}") = "DAL", "DAL", "{BB6E5B04-7D86-4B30-A3E5-849E2585450B}"
EndProject
Project("{2150E333-8FDC-42A3-9474-1A3956D46DE8}") = "Common", "Common", "{ED4649C4-49EB-49F1-9336-C2FDF329FF9B}"
EndProject
Project("{FAE04EC0-301F-11D3-BF4B-00C04F79EFBC}") = "Common.Entities", "..\Task_7_1_2-4_Users_and_Awards_Web_PL\Common.Entities\Common.Entities.csproj", "{D363E8F9-B8F8-4599-878F-B082AD770068}"
EndProject
Global
	GlobalSection(SolutionConfigurationPlatforms) = preSolution
		Debug|Any CPU = Debug|Any CPU
		Release|Any CPU = Release|Any CPU
	EndGlobalSection
	GlobalSection(ProjectConfigurationPlatforms) = postSolution
		{BAB9D99F-61B6-4F82-912C-B5B79DDC425A}.Debug|Any CPU.ActiveCfg = Debug|Any CPU
		{BAB9D99F-61B6-4F82-912C-B5B79DDC425A}.Debug|Any CPU.Build.0 = Debug|Any CPU
		{BAB9D99F-61B6-4F82-912C-B5B79DDC425A}.Release|Any CPU.ActiveCfg = Release|Any CPU
		{BAB9D99F-61B6-4F82-912C-B5B79DDC425A}.Release|Any CPU.Build.0 = Release|Any CPU
		{D363E8F9-B8F8-4599-878F-B082AD770068}.Debug|Any CPU.ActiveCfg = Debug|Any CPU
		{D363E8F9-B8F8-4599-878F-B082AD770068}.Debug|Any CPU.Build.0 = Debug|Any CPU
		{D363E8F9-B8F8-4599-878F-B082AD770068}.Release|Any CPU.ActiveCfg = Release|Any CPU
		{D363E8F9-B8F8-4599-878F-B082AD770068}.Release|Any CPU.Build.0 = Release|Any CPU
	EndGlobalSection
	GlobalSection(SolutionProperties) = preSolution
		HideSolutionNode = FALSE
	EndGlobalSection
	GlobalSection(NestedProjects) = preSolution
		{BAB9D99F-61B6-4F82-912C-B5B79DDC425A} = {74766313-5E5F-4B05-9922-48988DDDC464}
		{D363E8F9-B8F8-4599-878F-B082AD770068} = {ED4649C4-49EB-49F1-9336-C2FDF329FF9B}
	EndGlobalSection
	GlobalSection(ExtensibilityGlobals) = postSolution
		SolutionGuid = {CAF22F77-875B-4448-8BC7-BD42CFA3DD68}
	EndGlobalSection
EndGlobal
